
Microsoft Visual Studio Solution File, Format Version 12.00
# Visual Studio Version 16
VisualStudioVersion = 16.0.32002.261
MinimumVisualStudioVersion = 10.0.40219.1
Project("{FAE04EC0-301F-11D3-BF4B-00C04F79EFBC}") = "MyApi", "MyApi.csproj", "{28607D55-E169-41DC-9B77-680481B48F26}"
EndProject
Global
	GlobalSection(SolutionConfigurationPlatforms) = preSolution
		Debug|Any CPU = Debug|Any CPU
		Release|Any CPU = Release|Any CPU
	EndGlobalSection
	GlobalSection(ProjectConfigurationPlatforms) = postSolution
		{28607D55-E169-41DC-9B77-680481B48F26}.Debug|Any CPU.ActiveCfg = Debug|Any CPU
		{28607D55-E169-41DC-9B77-680481B48F26}.Debug|Any CPU.Build.0 = Debug|Any CPU
		{28607D55-E169-41DC-9B77-680481B48F26}.Release|Any CPU.ActiveCfg = Release|Any CPU
		{28607D55-E169-41DC-9B77-680481B48F26}.Release|Any CPU.Build.0 = Release|Any CPU
	EndGlobalSection
	GlobalSection(SolutionProperties) = preSolution
		HideSolutionNode = FALSE
	EndGlobalSection
	GlobalSection(ExtensibilityGlobals) = postSolution
		SolutionGuid = {95D7FB8D-EF80-4865-90E4-1CDD908B01E5}
	EndGlobalSection
EndGlobal
